
Microsoft Visual Studio Solution File, Format Version 12.00
# Visual Studio 15
VisualStudioVersion = 15.0.27130.2010
MinimumVisualStudioVersion = 10.0.40219.1
Project("{FAE04EC0-301F-11D3-BF4B-00C04F79EFBC}") = "Project Portfolio", "Project Portfolio\Project Portfolio.csproj", "{24752A06-7E3A-42C9-905C-47ED4995E83D}"
EndProject
Project("{FAE04EC0-301F-11D3-BF4B-00C04F79EFBC}") = "PortfolioModel", "PortfolioModel\PortfolioModel.csproj", "{D9F9762D-D9CD-492C-8B10-0D3011F33355}"
EndProject
Project("{FAE04EC0-301F-11D3-BF4B-00C04F79EFBC}") = "UnitTests", "UnitTests\UnitTests.csproj", "{8AF8F958-C6BC-4A93-91E2-C9191203D3FE}"
EndProject
Global
	GlobalSection(SolutionConfigurationPlatforms) = preSolution
		Debug|Any CPU = Debug|Any CPU
		Release|Any CPU = Release|Any CPU
	EndGlobalSection
	GlobalSection(ProjectConfigurationPlatforms) = postSolution
		{24752A06-7E3A-42C9-905C-47ED4995E83D}.Debug|Any CPU.ActiveCfg = Debug|Any CPU
		{24752A06-7E3A-42C9-905C-47ED4995E83D}.Debug|Any CPU.Build.0 = Debug|Any CPU
		{24752A06-7E3A-42C9-905C-47ED4995E83D}.Release|Any CPU.ActiveCfg = Release|Any CPU
		{24752A06-7E3A-42C9-905C-47ED4995E83D}.Release|Any CPU.Build.0 = Release|Any CPU
		{D9F9762D-D9CD-492C-8B10-0D3011F33355}.Debug|Any CPU.ActiveCfg = Debug|Any CPU
		{D9F9762D-D9CD-492C-8B10-0D3011F33355}.Debug|Any CPU.Build.0 = Debug|Any CPU
		{D9F9762D-D9CD-492C-8B10-0D3011F33355}.Release|Any CPU.ActiveCfg = Release|Any CPU
		{D9F9762D-D9CD-492C-8B10-0D3011F33355}.Release|Any CPU.Build.0 = Release|Any CPU
		{8AF8F958-C6BC-4A93-91E2-C9191203D3FE}.Debug|Any CPU.ActiveCfg = Debug|Any CPU
		{8AF8F958-C6BC-4A93-91E2-C9191203D3FE}.Debug|Any CPU.Build.0 = Debug|Any CPU
		{8AF8F958-C6BC-4A93-91E2-C9191203D3FE}.Release|Any CPU.ActiveCfg = Release|Any CPU
		{8AF8F958-C6BC-4A93-91E2-C9191203D3FE}.Release|Any CPU.Build.0 = Release|Any CPU
	EndGlobalSection
	GlobalSection(SolutionProperties) = preSolution
		HideSolutionNode = FALSE
	EndGlobalSection
	GlobalSection(ExtensibilityGlobals) = postSolution
		SolutionGuid = {55C1F77B-78E7-4B8C-8E04-06216F6EBB72}
	EndGlobalSection
EndGlobal
